
Microsoft Visual Studio Solution File, Format Version 12.00
# Visual Studio Version 16
VisualStudioVersion = 16.0.28729.10
MinimumVisualStudioVersion = 10.0.40219.1
Project("{9A19103F-16F7-4668-BE54-9A1E7A4F7556}") = "ModelProject", "ModelProject.csproj", "{71A1CC46-076B-4D70-9617-D15622E9A5C4}"
EndProject
Global
	GlobalSection(SolutionConfigurationPlatforms) = preSolution
		Debug|Any CPU = Debug|Any CPU
		Release|Any CPU = Release|Any CPU
	EndGlobalSection
	GlobalSection(ProjectConfigurationPlatforms) = postSolution
		{71A1CC46-076B-4D70-9617-D15622E9A5C4}.Debug|Any CPU.ActiveCfg = Debug|Any CPU
		{71A1CC46-076B-4D70-9617-D15622E9A5C4}.Debug|Any CPU.Build.0 = Debug|Any CPU
		{71A1CC46-076B-4D70-9617-D15622E9A5C4}.Release|Any CPU.ActiveCfg = Release|Any CPU
		{71A1CC46-076B-4D70-9617-D15622E9A5C4}.Release|Any CPU.Build.0 = Release|Any CPU
	EndGlobalSection
	GlobalSection(SolutionProperties) = preSolution
		HideSolutionNode = FALSE
	EndGlobalSection
	GlobalSection(ExtensibilityGlobals) = postSolution
		SolutionGuid = {ED15522F-6904-4F64-871D-37DE3BE6413B}
	EndGlobalSection
EndGlobal
